<?xml version="1.0" encoding="UTF-8" standalone="yes" ?>
<CodeBlocks_project_file>
	<FileVersion major="1" minor="6" />
	<Project>
		<Option title="xScanner" />
		<Option pch_mode="0" />
		<Option compiler="gcc" />
		<Build>
			<Target title="Linux_Debug">
				<Option platforms="Unix;" />
				<Option output="../bin/xScanner" prefix_auto="1" extension_auto="1" />
				<Option object_output=".objs_ld" />
				<Option type="0" />
				<Option compiler="gcc" />
				<Option projectCompilerOptionsRelation="1" />
				<Option projectLinkerOptionsRelation="2" />
				<Compiler>
					<Add option="-Wall" />
					<Add option="-std=gnu++20" />
					<Add option="-g" />
					<Add option="`wx-config --version=3.3 --cflags`" />
					<Add option="`pkg-config --cflags gstreamer-1.0 gstreamer-video-1.0`" />
					<Add option="-Winvalid-pch" />
					<Add option="-DWX_PRECOMP" />
					<Add option="-DLINUX" />
					<Add option="-D__WXDEBUG__" />
					<Add option='-D__cdecl=&quot;&quot;' />
					<Add option="-DEXCLUDENETWORKUI" />
					<Add option="-DDISCOVERYONLY" />
					<Add directory="include" />
					<Add directory="../xScanner" />
					<Add directory="../include" />
					<Add directory="../shared" />
					<Add directory="../shared/utils" />
					<Add directory="../dependencies" />
					<Add directory="../dependencies/pugixml/src" />
					<Add directory="../dependencies/spdlog/include" />
				</Compiler>
				<Linker>
					<Add option="-lGL -lGLU -lglut -ldl -lX11 -lcurl" />
					<Add option="`wx-config --version=3.3 --libs std,media,gl,aui,propgrid`" />
					<Add option="`pkg-config --libs gstreamer-1.0 gstreamer-video-1.0`" />
					<Add option="-lexpat" />
					<Add option="-rdynamic" />
				</Linker>
			</Target>
			<Target title="Linux_Release">
				<Option platforms="Unix;" />
				<Option output="../bin/xScanner" prefix_auto="1" extension_auto="1" />
				<Option object_output=".objs_lr" />
				<Option type="0" />
				<Option compiler="gcc" />
				<Option projectLinkerOptionsRelation="2" />
				<Compiler>
					<Add option="-O2" />
					<Add option="-std=gnu++20" />
					<Add option="-Wall" />
					<Add option="`wx-config --version=3.3 --cflags`" />
					<Add option="`pkg-config --cflags gstreamer-1.0 gstreamer-video-1.0`" />
					<Add option="-Winvalid-pch" />
					<Add option="-DWX_PRECOMP" />
					<Add option="-DLINUX" />
					<Add option="-DNDEBUG" />
					<Add option="-D__cdecl=&apos;&apos;" />
					<Add option="-DEXCLUDENETWORKUI" />
					<Add option="-DDISCOVERYONLY" />
					<Add directory="include" />
					<Add directory="../xScanner" />
					<Add directory="../include" />
					<Add directory="../shared" />
					<Add directory="../shared/utils" />
					<Add directory="../dependencies" />
					<Add directory="../dependencies/pugixml/src" />
					<Add directory="../dependencies/spdlog/include" />
				</Compiler>
				<Linker>
					<Add option="-lGL -lGLU -lglut -ldl -lX11 -lcurl" />
					<Add option="`wx-config --version=3.3 --libs std,media,gl,aui,propgrid`" />
					<Add option="`pkg-config --libs gstreamer-1.0 gstreamer-video-1.0`" />
					<Add option="-lexpat" />
					<Add option="-rdynamic" />
				</Linker>
			</Target>
		</Build>
		<Compiler>
			<Add option="-fno-strict-aliasing" />
			<Add option="-Wno-unused-local-typedefs" />
			<Add option="-DwxUSE_UNICODE" />
			<Add option="-DEXCLUDENETWORKUI" />
			<Add option="-DDISCOVERYONLY" />
		</Compiler>
		<ResourceCompiler>
			<Add directory="$(#wx)/include" />
		</ResourceCompiler>
		<Unit filename="../dependencies/pugixml/src/pugixml.cpp" />
		<Unit filename="../common/xScannerBaseApp.cpp" />
		<Unit filename="../common/xScannerBaseApp.h" />
		<Unit filename="../common/xlStackWalker.h" />
		<Unit filename="../shared/ui/setup/Discovery.cpp" />
		<Unit filename="../shared/ui/setup/Discovery.h" />
		<Unit filename="../shared/ui/import-export/ExportSettings.cpp" />
		<Unit filename="../shared/ui/import-export/ExportSettings.h" />
		<Unit filename="../shared/utils/ExternalHooks.h" />
		<Unit filename="../shared/ui/setup/IPEntryDialog.h" />
		<Unit filename="../shared/utils/JobPool.cpp" />
		<Unit filename="../shared/utils/JobPool.h" />
		<Unit filename="../shared/utils/Parallel.cpp" />
		<Unit filename="../shared/utils/Parallel.h" />
		<Unit filename="../shared/utils/SpecialOptions.cpp" />
		<Unit filename="../shared/utils/SpecialOptions.h" />
		<Unit filename="../shared/utils/TraceLog.cpp" />
		<Unit filename="../shared/utils/TraceLog.h" />
		<Unit filename="../shared/utils/UtilFunctions.cpp" />
		<Unit filename="../shared/utils/UtilFunctions.h" />
		<Unit filename="../shared/ui/wxUtilities.cpp" />
		<Unit filename="../shared/ui/wxUtilities.h" />
		<Unit filename="../shared/automation/automation.cpp" />
		<Unit filename="../shared/automation/automation.h" />
		<Unit filename="../shared/controllers/BaseController.cpp" />
		<Unit filename="../shared/controllers/BaseController.h" />
		<Unit filename="../shared/controllers/ControllerCaps.cpp" />
		<Unit filename="../shared/controllers/ControllerCaps.h" />
		<Unit filename="../shared/controllers/FPP.cpp" />
		<Unit filename="../shared/controllers/FPP.h" />
		<Unit filename="../shared/controllers/Falcon.cpp" />
		<Unit filename="../shared/controllers/Falcon.h" />
		<Unit filename="../shared/controllers/Pixlite16.cpp" />
		<Unit filename="../shared/controllers/Pixlite16.h" />
		<Unit filename="../shared/outputs/ArtNetOutput.cpp" />
		<Unit filename="../shared/outputs/ArtNetOutput.h" />
		<Unit filename="../shared/outputs/Controller.cpp" />
		<Unit filename="../shared/outputs/Controller.h" />
		<Unit filename="../shared/outputs/ControllerEthernet.cpp" />
		<Unit filename="../shared/outputs/ControllerEthernet.h" />
		<Unit filename="../shared/outputs/ControllerNull.cpp" />
		<Unit filename="../shared/outputs/ControllerNull.h" />
		<Unit filename="../shared/outputs/ControllerSerial.cpp" />
		<Unit filename="../shared/outputs/ControllerSerial.h" />
		<Unit filename="../shared/outputs/DDPOutput.cpp" />
		<Unit filename="../shared/outputs/DDPOutput.h" />
		<Unit filename="../shared/outputs/DLightOutput.h" />
		<Unit filename="../shared/outputs/DMXOutput.cpp" />
		<Unit filename="../shared/outputs/DMXOutput.h" />
		<Unit filename="../shared/outputs/E131Output.cpp" />
		<Unit filename="../shared/outputs/E131Output.h" />
		<Unit filename="../shared/outputs/GenericSerialOutput.cpp" />
		<Unit filename="../shared/outputs/GenericSerialOutput.h" />
		<Unit filename="../shared/outputs/IPOutput.cpp" />
		<Unit filename="../shared/outputs/IPOutput.h" />
		<Unit filename="../shared/outputs/KinetOutput.cpp" />
		<Unit filename="../shared/outputs/KinetOutput.h" />
		<Unit filename="../shared/outputs/LOROptimisedOutput.cpp" />
		<Unit filename="../shared/outputs/LOROptimisedOutput.h" />
		<Unit filename="../shared/outputs/LOROutput.cpp" />
		<Unit filename="../shared/outputs/LOROutput.h" />
		<Unit filename="../shared/outputs/LorController.cpp" />
		<Unit filename="../shared/outputs/LorController.h" />
		<Unit filename="../shared/outputs/LorControllers.cpp" />
		<Unit filename="../shared/outputs/LorControllers.h" />
		<Unit filename="../shared/outputs/NullOutput.cpp" />
		<Unit filename="../shared/outputs/NullOutput.h" />
		<Unit filename="../shared/outputs/OPCOutput.cpp" />
		<Unit filename="../shared/outputs/OPCOutput.h" />
		<Unit filename="../shared/outputs/OpenDMXOutput.cpp" />
		<Unit filename="../shared/outputs/OpenDMXOutput.h" />
		<Unit filename="../shared/outputs/OpenPixelNetOutput.cpp" />
		<Unit filename="../shared/outputs/OpenPixelNetOutput.h" />
		<Unit filename="../shared/outputs/Output.cpp" />
		<Unit filename="../shared/outputs/Output.h" />
		<Unit filename="../shared/outputs/OutputManager.cpp" />
		<Unit filename="../shared/outputs/OutputManager.h" />
		<Unit filename="../shared/outputs/PixelNetOutput.cpp" />
		<Unit filename="../shared/outputs/PixelNetOutput.h" />
		<Unit filename="../shared/outputs/RenardOutput.cpp" />
		<Unit filename="../shared/outputs/RenardOutput.h" />
		<Unit filename="../shared/outputs/SerialOutput.cpp" />
		<Unit filename="../shared/outputs/SerialOutput.h" />
		<Unit filename="../shared/outputs/TestPreset.cpp" />
		<Unit filename="../shared/outputs/TestPreset.h" />
		<Unit filename="../shared/outputs/TwinklyOutput.cpp" />
		<Unit filename="../shared/outputs/TwinklyOutput.h" />
		<Unit filename="../shared/outputs/ZCPP.h" />
		<Unit filename="../shared/outputs/ZCPPOutput.cpp" />
		<Unit filename="../shared/outputs/ZCPPOutput.h" />
		<Unit filename="../shared/outputs/serial.cpp" />
		<Unit filename="../shared/outputs/serial.h" />
		<Unit filename="../shared/outputs/xxxEthernetOutput.cpp" />
		<Unit filename="../shared/outputs/xxxEthernetOutput.h" />
		<Unit filename="../shared/outputs/xxxSerialOutput.cpp" />
		<Unit filename="../shared/outputs/xxxSerialOutput.h" />
		<Unit filename="../shared/utils/CurlManager.cpp" />
		<Unit filename="../shared/utils/CurlManager.h" />
		<Unit filename="../shared/utils/ip_utils.cpp" />
		<Unit filename="../shared/utils/ip_utils.h" />
		<Unit filename="../shared/utils/string_utils.cpp" />
		<Unit filename="../shared/utils/string_utils.h" />
		<Unit filename="../shared/xScannerVersion.cpp" />
		<Unit filename="../shared/xScannerVersion.h" />
		<Unit filename="../json/wxJSON/json_defs.h" />
		<Unit filename="../json/wxJSON/jsonreader.cpp" />
		<Unit filename="../json/wxJSON/jsonreader.h" />
		<Unit filename="../json/wxJSON/jsonval.cpp" />
		<Unit filename="../json/wxJSON/jsonval.h" />
		<Unit filename="../json/wxJSON/jsonwriter.cpp" />
		<Unit filename="../json/wxJSON/jsonwriter.h" />
		<Unit filename="MAC.cpp" />
		<Unit filename="MAC.h" />
		<Unit filename="ResultDialog.h" />
		<Unit filename="ScanWork.cpp" />
		<Unit filename="ScanWork.h" />
		<Unit filename="UniverseEntryDialog.h" />
		<Unit filename="resource.rc">
			<Option compilerVar="WINDRES" />
			<Option target="MinGW_Debug" />
			<Option target="MinGW_Release" />
			<Option target="64bit_MinGW_Release" />
		</Unit>
		<Unit filename="wxsmith/xScannerframe.wxs" />
		<Unit filename="xScannerApp.cpp" />
		<Unit filename="xScannerApp.h" />
		<Unit filename="xScannerMain.cpp" />
		<Unit filename="xScannerMain.h" />
		<Extensions>
			<lib_finder disable_auto="1" />
			<wxsmith version="1">
				<gui name="wxWidgets" src="xScannerApp.cpp" main="xScannerFrame" init_handlers="necessary" language="CPP" />
				<resources>
					<wxFrame wxs="wxsmith/xScannerframe.wxs" src="xScannerMain.cpp" hdr="xScannerMain.h" fwddecl="0" i18n="1" name="xScannerFrame" language="CPP" />
				</resources>
			</wxsmith>
		</Extensions>
	</Project>
</CodeBlocks_project_file>
