<?xml version="1.0" encoding="utf-8"?>
<Project ToolsVersion="4.0" xmlns="http://schemas.microsoft.com/developer/msbuild/2003">
  <ItemGroup>
    <ClCompile Include="..\shared\xScannerVersion.cpp" />
    <ClCompile Include="xScannerApp.cpp" />
    <ClCompile Include="xScannerMain.cpp" />
    <ClCompile Include="..\shared\utils\UtilFunctions.cpp" />
    <ClCompile Include="..\shared\outputs\Controller.cpp">
      <Filter>xLights</Filter>
    </ClCompile>
    <ClCompile Include="..\shared\outputs\ControllerEthernet.cpp">
      <Filter>xLights</Filter>
    </ClCompile>
    <ClCompile Include="..\shared\outputs\ControllerNull.cpp">
      <Filter>xLights</Filter>
    </ClCompile>
    <ClCompile Include="..\shared\outputs\ControllerSerial.cpp">
      <Filter>xLights</Filter>
    </ClCompile>
    <ClCompile Include="..\shared\outputs\Output.cpp">
      <Filter>xLights</Filter>
    </ClCompile>
    <ClCompile Include="..\shared\outputs\OutputManager.cpp">
      <Filter>xLights</Filter>
    </ClCompile>
    <ClCompile Include="..\shared\outputs\ArtNetOutput.cpp">
      <Filter>xLights</Filter>
    </ClCompile>
    <ClCompile Include="..\shared\outputs\DDPOutput.cpp">
      <Filter>xLights</Filter>
    </ClCompile>
    <ClCompile Include="..\shared\outputs\DMXOutput.cpp">
      <Filter>xLights</Filter>
    </ClCompile>
    <ClCompile Include="..\shared\outputs\E131Output.cpp">
      <Filter>xLights</Filter>
    </ClCompile>
    <ClCompile Include="..\shared\outputs\GenericSerialOutput.cpp">
      <Filter>xLights</Filter>
    </ClCompile>
    <ClCompile Include="..\shared\outputs\IPOutput.cpp">
      <Filter>xLights</Filter>
    </ClCompile>
    <ClCompile Include="..\shared\outputs\KinetOutput.cpp">
      <Filter>xLights</Filter>
    </ClCompile>
    <ClCompile Include="..\shared\outputs\LorController.cpp">
      <Filter>xLights</Filter>
    </ClCompile>
    <ClCompile Include="..\shared\outputs\LorControllers.cpp">
      <Filter>xLights</Filter>
    </ClCompile>
    <ClCompile Include="..\shared\outputs\LOROptimisedOutput.cpp">
      <Filter>xLights</Filter>
    </ClCompile>
    <ClCompile Include="..\shared\outputs\LOROutput.cpp">
      <Filter>xLights</Filter>
    </ClCompile>
    <ClCompile Include="..\shared\outputs\NullOutput.cpp">
      <Filter>xLights</Filter>
    </ClCompile>
    <ClCompile Include="..\shared\outputs\OPCOutput.cpp">
      <Filter>xLights</Filter>
    </ClCompile>
    <ClCompile Include="..\shared\outputs\OpenDMXOutput.cpp">
      <Filter>xLights</Filter>
    </ClCompile>
    <ClCompile Include="..\shared\outputs\OpenPixelNetOutput.cpp">
      <Filter>xLights</Filter>
    </ClCompile>
    <ClCompile Include="..\shared\outputs\RenardOutput.cpp">
      <Filter>xLights</Filter>
    </ClCompile>
    <ClCompile Include="..\shared\outputs\serial.cpp">
      <Filter>xLights</Filter>
    </ClCompile>
    <ClCompile Include="..\shared\outputs\SerialOutput.cpp">
      <Filter>xLights</Filter>
    </ClCompile>
    <ClCompile Include="..\shared\outputs\TestPreset.cpp">
      <Filter>xLights</Filter>
    </ClCompile>
    <ClCompile Include="..\shared\outputs\xxxEthernetOutput.cpp">
      <Filter>xLights</Filter>
    </ClCompile>
    <ClCompile Include="..\shared\outputs\xxxSerialOutput.cpp">
      <Filter>xLights</Filter>
    </ClCompile>
    <ClCompile Include="..\shared\outputs\ZCPPOutput.cpp">
      <Filter>xLights</Filter>
    </ClCompile>
    <ClCompile Include="..\shared\ui/setup/Discovery.cpp">
      <Filter>xLights</Filter>
    </ClCompile>
    <ClCompile Include="..\shared\controllers\ControllerCaps.cpp">
      <Filter>xLights</Filter>
    </ClCompile>
    <ClCompile Include="..\shared\outputs\PixelNetOutput.cpp">
      <Filter>xLights</Filter>
    </ClCompile>
    <ClCompile Include="..\json\wxJSON\jsonreader.cpp">
      <Filter>xLights</Filter>
    </ClCompile>
    <ClCompile Include="..\json\wxJSON\jsonval.cpp">
      <Filter>xLights</Filter>
    </ClCompile>
    <ClCompile Include="..\shared\utils\JobPool.cpp">
      <Filter>xLights</Filter>
    </ClCompile>
    <ClCompile Include="..\shared\utils\TraceLog.cpp">
      <Filter>xLights</Filter>
    </ClCompile>
    <ClCompile Include="..\shared\utils\Parallel.cpp">
      <Filter>xLights</Filter>
    </ClCompile>
    <ClCompile Include="..\shared\controllers\Falcon.cpp">
      <Filter>xLights</Filter>
    </ClCompile>
    <ClCompile Include="..\shared\controllers\FPP.cpp">
      <Filter>xLights</Filter>
    </ClCompile>
    <ClCompile Include="..\shared\controllers\Pixlite16.cpp">
      <Filter>xLights</Filter>
    </ClCompile>
    <ClCompile Include="..\json\wxJSON\jsonwriter.cpp">
      <Filter>xLights</Filter>
    </ClCompile>
    <ClCompile Include="..\shared\controllers\BaseController.cpp">
      <Filter>xLights</Filter>
    </ClCompile>
    <ClCompile Include="MAC.cpp" />
    <ClCompile Include="ScanWork.cpp" />
    <ClCompile Include="..\xLights\ExportSettings.cpp">
      <Filter>xLights</Filter>
    </ClCompile>
    <ClCompile Include="..\shared\automation\automation.cpp">
      <Filter>xLights</Filter>
    </ClCompile>
    <ClCompile Include="..\common\xScannerBaseApp.cpp" />
    <ClCompile Include="..\shared\outputs\TwinklyOutput.cpp">
      <Filter>xLights</Filter>
    </ClCompile>
    <ClCompile Include="..\shared\utils\ip_utils.cpp">
      <Filter>xLights\utils</Filter>
    </ClCompile>
    <ClCompile Include="..\shared\utils\string_utils.cpp">
      <Filter>xLights\utils</Filter>
    </ClCompile>
    <ClCompile Include="..\shared\utils\CurlManager.cpp">
      <Filter>xLights\utils</Filter>
    </ClCompile>
    <ClCompile Include="..\xLights\SpecialOptions.cpp">
      <Filter>xLights</Filter>
    </ClCompile>
    <ClCompile Include="..\dependencies\pugixml\src\pugixml.cpp" />
  </ItemGroup>
  <ItemGroup>
    <ClInclude Include="..\shared\xScannerVersion.h" />
    <ClInclude Include="xScannerApp.h" />
    <ClInclude Include="xScannerMain.h" />
    <ClInclude Include="..\shared\utils\UtilFunctions.h" />
    <ClInclude Include="..\shared\outputs\Controller.h">
      <Filter>xLights</Filter>
    </ClInclude>
    <ClInclude Include="..\shared\outputs\ControllerEthernet.h">
      <Filter>xLights</Filter>
    </ClInclude>
    <ClInclude Include="..\shared\outputs\ControllerNull.h">
      <Filter>xLights</Filter>
    </ClInclude>
    <ClInclude Include="..\shared\outputs\ControllerSerial.h">
      <Filter>xLights</Filter>
    </ClInclude>
    <ClInclude Include="..\shared\outputs\Output.h">
      <Filter>xLights</Filter>
    </ClInclude>
    <ClInclude Include="..\shared\outputs\OutputManager.h">
      <Filter>xLights</Filter>
    </ClInclude>
    <ClInclude Include="..\shared\outputs\ArtNetOutput.h">
      <Filter>xLights</Filter>
    </ClInclude>
    <ClInclude Include="..\shared\outputs\DDPOutput.h">
      <Filter>xLights</Filter>
    </ClInclude>
    <ClInclude Include="..\shared\outputs\DLightOutput.h">
      <Filter>xLights</Filter>
    </ClInclude>
    <ClInclude Include="..\shared\outputs\DMXOutput.h">
      <Filter>xLights</Filter>
    </ClInclude>
    <ClInclude Include="..\shared\outputs\E131Output.h">
      <Filter>xLights</Filter>
    </ClInclude>
    <ClInclude Include="..\shared\outputs\GenericSerialOutput.h">
      <Filter>xLights</Filter>
    </ClInclude>
    <ClInclude Include="..\shared\outputs\IPOutput.h">
      <Filter>xLights</Filter>
    </ClInclude>
    <ClInclude Include="..\shared\outputs\KinetOutput.h">
      <Filter>xLights</Filter>
    </ClInclude>
    <ClInclude Include="..\shared\outputs\LorController.h">
      <Filter>xLights</Filter>
    </ClInclude>
    <ClInclude Include="..\shared\outputs\LorControllers.h">
      <Filter>xLights</Filter>
    </ClInclude>
    <ClInclude Include="..\shared\outputs\LOROptimisedOutput.h">
      <Filter>xLights</Filter>
    </ClInclude>
    <ClInclude Include="..\shared\outputs\LOROutput.h">
      <Filter>xLights</Filter>
    </ClInclude>
    <ClInclude Include="..\shared\outputs\NullOutput.h">
      <Filter>xLights</Filter>
    </ClInclude>
    <ClInclude Include="..\shared\outputs\OPCOutput.h">
      <Filter>xLights</Filter>
    </ClInclude>
    <ClInclude Include="..\shared\outputs\OpenDMXOutput.h">
      <Filter>xLights</Filter>
    </ClInclude>
    <ClInclude Include="..\shared\outputs\OpenPixelNetOutput.h">
      <Filter>xLights</Filter>
    </ClInclude>
    <ClInclude Include="..\shared\outputs\PixelNetOutput.h">
      <Filter>xLights</Filter>
    </ClInclude>
    <ClInclude Include="..\shared\outputs\RenardOutput.h">
      <Filter>xLights</Filter>
    </ClInclude>
    <ClInclude Include="..\shared\outputs\serial.h">
      <Filter>xLights</Filter>
    </ClInclude>
    <ClInclude Include="..\shared\outputs\SerialOutput.h">
      <Filter>xLights</Filter>
    </ClInclude>
    <ClInclude Include="..\shared\outputs\TestPreset.h">
      <Filter>xLights</Filter>
    </ClInclude>
    <ClInclude Include="..\shared\outputs\xxxEthernetOutput.h">
      <Filter>xLights</Filter>
    </ClInclude>
    <ClInclude Include="..\shared\outputs\xxxSerialOutput.h">
      <Filter>xLights</Filter>
    </ClInclude>
    <ClInclude Include="..\shared\outputs\ZCPP.h">
      <Filter>xLights</Filter>
    </ClInclude>
    <ClInclude Include="..\shared\outputs\ZCPPOutput.h">
      <Filter>xLights</Filter>
    </ClInclude>
    <ClInclude Include="..\shared\ui/setup/Discovery.h">
      <Filter>xLights</Filter>
    </ClInclude>
    <ClInclude Include="..\shared\controllers\ControllerCaps.h">
      <Filter>xLights</Filter>
    </ClInclude>
    <ClInclude Include="..\json\wxJSON\json_defs.h">
      <Filter>xLights</Filter>
    </ClInclude>
    <ClInclude Include="..\json\wxJSON\jsonreader.h">
      <Filter>xLights</Filter>
    </ClInclude>
    <ClInclude Include="..\json\wxJSON\jsonval.h">
      <Filter>xLights</Filter>
    </ClInclude>
    <ClInclude Include="..\shared\utils\JobPool.h">
      <Filter>xLights</Filter>
    </ClInclude>
    <ClInclude Include="..\shared\utils\TraceLog.h">
      <Filter>xLights</Filter>
    </ClInclude>
    <ClInclude Include="..\shared\utils\Parallel.h">
      <Filter>xLights</Filter>
    </ClInclude>
    <ClInclude Include="..\shared\controllers\Falcon.h">
      <Filter>xLights</Filter>
    </ClInclude>
    <ClInclude Include="..\shared\controllers\FPP.h">
      <Filter>xLights</Filter>
    </ClInclude>
    <ClInclude Include="..\shared\controllers\Pixlite16.h">
      <Filter>xLights</Filter>
    </ClInclude>
    <ClInclude Include="..\json\wxJSON\jsonwriter.h">
      <Filter>xLights</Filter>
    </ClInclude>
    <ClInclude Include="..\shared\controllers\BaseController.h">
      <Filter>xLights</Filter>
    </ClInclude>
    <ClInclude Include="MAC.h" />
    <ClInclude Include="ScanWork.h" />
    <ClInclude Include="..\xLights\ExportSettings.h">
      <Filter>xLights</Filter>
    </ClInclude>
    <ClInclude Include="..\shared\automation\automation.h">
      <Filter>xLights</Filter>
    </ClInclude>
    <ClInclude Include="..\shared\utils/ExternalHooks.h">
      <Filter>xLights</Filter>
    </ClInclude>
    <ClInclude Include="..\common\xScannerBaseApp.h" />
    <ClInclude Include="..\common\xlStackWalker.h" />
    <ClInclude Include="..\shared\outputs\TwinklyOutput.h">
      <Filter>xLights</Filter>
    </ClInclude>
    <ClInclude Include="..\shared\utils\ip_utils.h">
      <Filter>xLights\utils</Filter>
    </ClInclude>
    <ClInclude Include="..\shared\utils\string_utils.h">
      <Filter>xLights\utils</Filter>
    </ClInclude>
    <ClInclude Include="..\shared\utils\CurlManager.h">
      <Filter>xLights\utils</Filter>
    </ClInclude>
  </ItemGroup>
  <ItemGroup>
    <ResourceCompile Include="resource.rc" />
  </ItemGroup>
  <ItemGroup>
    <Filter Include="xLights">
      <UniqueIdentifier>{e9e82e91-3b73-475f-a615-dde1bfd25a35}</UniqueIdentifier>
    </Filter>
    <Filter Include="xLights\utils">
      <UniqueIdentifier>{6fe02f76-2195-47f9-bf7d-2459342dd5f6}</UniqueIdentifier>
    </Filter>
  </ItemGroup>
  <ItemGroup>
    <Text Include="MacLookup.txt" />
  </ItemGroup>
</Project>